
Microsoft Visual Studio Solution File, Format Version 12.00
# Visual Studio Version 16
VisualStudioVersion = 16.0.29613.14
MinimumVisualStudioVersion = 10.0.40219.1
Project("{9A19103F-16F7-4668-BE54-9A1E7A4F7556}") = "Daedalus", "Daedalus.csproj", "{C0DB179A-656D-4FB2-A8F1-FA312C0314B6}"
EndProject
Global
	GlobalSection(SolutionConfigurationPlatforms) = preSolution
		Debug|Any CPU = Debug|Any CPU
		Release|Any CPU = Release|Any CPU
	EndGlobalSection
	GlobalSection(ProjectConfigurationPlatforms) = postSolution
		{C0DB179A-656D-4FB2-A8F1-FA312C0314B6}.Debug|Any CPU.ActiveCfg = Debug|Any CPU
		{C0DB179A-656D-4FB2-A8F1-FA312C0314B6}.Debug|Any CPU.Build.0 = Debug|Any CPU
		{C0DB179A-656D-4FB2-A8F1-FA312C0314B6}.Release|Any CPU.ActiveCfg = Release|Any CPU
		{C0DB179A-656D-4FB2-A8F1-FA312C0314B6}.Release|Any CPU.Build.0 = Release|Any CPU
	EndGlobalSection
	GlobalSection(SolutionProperties) = preSolution
		HideSolutionNode = FALSE
	EndGlobalSection
	GlobalSection(ExtensibilityGlobals) = postSolution
		SolutionGuid = {C973FD57-7C95-4EC9-BF78-A00BD0ED3B69}
	EndGlobalSection
EndGlobal
